
Microsoft Visual Studio Solution File, Format Version 12.00
# Visual Studio Version 17
VisualStudioVersion = 17.12.35707.178
MinimumVisualStudioVersion = 10.0.40219.1
Project("{FAE04EC0-301F-11D3-BF4B-00C04F79EFBC}") = "POO", "POO\POO.csproj", "{A99D08FC-3E8C-4AAC-8CE7-B54715FF92FA}"
EndProject
Project("{FAE04EC0-301F-11D3-BF4B-00C04F79EFBC}") = "heranca", "heranca\heranca.csproj", "{DDB36EA0-C396-4F1A-8F4C-ADE92593184E}"
EndProject
Global
	GlobalSection(SolutionConfigurationPlatforms) = preSolution
		Debug|Any CPU = Debug|Any CPU
		Release|Any CPU = Release|Any CPU
	EndGlobalSection
	GlobalSection(ProjectConfigurationPlatforms) = postSolution
		{A99D08FC-3E8C-4AAC-8CE7-B54715FF92FA}.Debug|Any CPU.ActiveCfg = Debug|Any CPU
		{A99D08FC-3E8C-4AAC-8CE7-B54715FF92FA}.Debug|Any CPU.Build.0 = Debug|Any CPU
		{A99D08FC-3E8C-4AAC-8CE7-B54715FF92FA}.Release|Any CPU.ActiveCfg = Release|Any CPU
		{A99D08FC-3E8C-4AAC-8CE7-B54715FF92FA}.Release|Any CPU.Build.0 = Release|Any CPU
		{DDB36EA0-C396-4F1A-8F4C-ADE92593184E}.Debug|Any CPU.ActiveCfg = Debug|Any CPU
		{DDB36EA0-C396-4F1A-8F4C-ADE92593184E}.Debug|Any CPU.Build.0 = Debug|Any CPU
		{DDB36EA0-C396-4F1A-8F4C-ADE92593184E}.Release|Any CPU.ActiveCfg = Release|Any CPU
		{DDB36EA0-C396-4F1A-8F4C-ADE92593184E}.Release|Any CPU.Build.0 = Release|Any CPU
	EndGlobalSection
	GlobalSection(SolutionProperties) = preSolution
		HideSolutionNode = FALSE
	EndGlobalSection
EndGlobal
